
Microsoft Visual Studio Solution File, Format Version 12.00
# Visual Studio Version 17
VisualStudioVersion = 17.2.32505.173
MinimumVisualStudioVersion = 10.0.40219.1
Project("{8BC9CEB8-8B4A-11D0-8D11-00A0C91BC942}") = "GLFW", "GLFW\GLFW.vcxproj", "{5D350067-AC47-49F1-A404-24B04CFDC1DC}"
EndProject
Project("{8BC9CEB8-8B4A-11D0-8D11-00A0C91BC942}") = "GLFW3D", "GLFW3D\GLFW3D.vcxproj", "{66858EA6-8E9F-4D8A-A306-89FBCCC67BA2}"
EndProject
Project("{8BC9CEB8-8B4A-11D0-8D11-00A0C91BC942}") = "Light", "Light\Light.vcxproj", "{AD23A38E-BBC6-4A26-B8C6-5BDD601B5DB7}"
EndProject
Project("{8BC9CEB8-8B4A-11D0-8D11-00A0C91BC942}") = "LoadModel", "LoadModel\LoadModel.vcxproj", "{6680FB2B-ABBC-4ECF-BE6B-A3EFE72C78B5}"
EndProject
Project("{8BC9CEB8-8B4A-11D0-8D11-00A0C91BC942}") = "HighLight", "HighLight\HighLight.vcxproj", "{3B3F12D0-8F48-4E3E-A75A-517B219CED5B}"
EndProject
Project("{8BC9CEB8-8B4A-11D0-8D11-00A0C91BC942}") = "geoExample", "geoExample\geoExample.vcxproj", "{B69538D3-5029-4C1F-957E-9F06432BCF68}"
EndProject
Project("{8BC9CEB8-8B4A-11D0-8D11-00A0C91BC942}") = "Shadow", "Shadow\Shadow.vcxproj", "{63A9FDB0-21A4-4340-AA06-1869AEA3B394}"
EndProject
Global
	GlobalSection(SolutionConfigurationPlatforms) = preSolution
		Debug|x64 = Debug|x64
		Debug|x86 = Debug|x86
		Release|x64 = Release|x64
		Release|x86 = Release|x86
	EndGlobalSection
	GlobalSection(ProjectConfigurationPlatforms) = postSolution
		{5D350067-AC47-49F1-A404-24B04CFDC1DC}.Debug|x64.ActiveCfg = Debug|x64
		{5D350067-AC47-49F1-A404-24B04CFDC1DC}.Debug|x64.Build.0 = Debug|x64
		{5D350067-AC47-49F1-A404-24B04CFDC1DC}.Debug|x86.ActiveCfg = Debug|Win32
		{5D350067-AC47-49F1-A404-24B04CFDC1DC}.Debug|x86.Build.0 = Debug|Win32
		{5D350067-AC47-49F1-A404-24B04CFDC1DC}.Release|x64.ActiveCfg = Release|x64
		{5D350067-AC47-49F1-A404-24B04CFDC1DC}.Release|x64.Build.0 = Release|x64
		{5D350067-AC47-49F1-A404-24B04CFDC1DC}.Release|x86.ActiveCfg = Release|Win32
		{5D350067-AC47-49F1-A404-24B04CFDC1DC}.Release|x86.Build.0 = Release|Win32
		{66858EA6-8E9F-4D8A-A306-89FBCCC67BA2}.Debug|x64.ActiveCfg = Debug|x64
		{66858EA6-8E9F-4D8A-A306-89FBCCC67BA2}.Debug|x64.Build.0 = Debug|x64
		{66858EA6-8E9F-4D8A-A306-89FBCCC67BA2}.Debug|x86.ActiveCfg = Debug|Win32
		{66858EA6-8E9F-4D8A-A306-89FBCCC67BA2}.Debug|x86.Build.0 = Debug|Win32
		{66858EA6-8E9F-4D8A-A306-89FBCCC67BA2}.Release|x64.ActiveCfg = Release|x64
		{66858EA6-8E9F-4D8A-A306-89FBCCC67BA2}.Release|x64.Build.0 = Release|x64
		{66858EA6-8E9F-4D8A-A306-89FBCCC67BA2}.Release|x86.ActiveCfg = Release|Win32
		{66858EA6-8E9F-4D8A-A306-89FBCCC67BA2}.Release|x86.Build.0 = Release|Win32
		{AD23A38E-BBC6-4A26-B8C6-5BDD601B5DB7}.Debug|x64.ActiveCfg = Debug|x64
		{AD23A38E-BBC6-4A26-B8C6-5BDD601B5DB7}.Debug|x64.Build.0 = Debug|x64
		{AD23A38E-BBC6-4A26-B8C6-5BDD601B5DB7}.Debug|x86.ActiveCfg = Debug|Win32
		{AD23A38E-BBC6-4A26-B8C6-5BDD601B5DB7}.Debug|x86.Build.0 = Debug|Win32
		{AD23A38E-BBC6-4A26-B8C6-5BDD601B5DB7}.Release|x64.ActiveCfg = Release|x64
		{AD23A38E-BBC6-4A26-B8C6-5BDD601B5DB7}.Release|x64.Build.0 = Release|x64
		{AD23A38E-BBC6-4A26-B8C6-5BDD601B5DB7}.Release|x86.ActiveCfg = Release|Win32
		{AD23A38E-BBC6-4A26-B8C6-5BDD601B5DB7}.Release|x86.Build.0 = Release|Win32
		{6680FB2B-ABBC-4ECF-BE6B-A3EFE72C78B5}.Debug|x64.ActiveCfg = Debug|x64
		{6680FB2B-ABBC-4ECF-BE6B-A3EFE72C78B5}.Debug|x64.Build.0 = Debug|x64
		{6680FB2B-ABBC-4ECF-BE6B-A3EFE72C78B5}.Debug|x86.ActiveCfg = Debug|Win32
		{6680FB2B-ABBC-4ECF-BE6B-A3EFE72C78B5}.Debug|x86.Build.0 = Debug|Win32
		{6680FB2B-ABBC-4ECF-BE6B-A3EFE72C78B5}.Release|x64.ActiveCfg = Release|x64
		{6680FB2B-ABBC-4ECF-BE6B-A3EFE72C78B5}.Release|x64.Build.0 = Release|x64
		{6680FB2B-ABBC-4ECF-BE6B-A3EFE72C78B5}.Release|x86.ActiveCfg = Release|Win32
		{6680FB2B-ABBC-4ECF-BE6B-A3EFE72C78B5}.Release|x86.Build.0 = Release|Win32
		{3B3F12D0-8F48-4E3E-A75A-517B219CED5B}.Debug|x64.ActiveCfg = Debug|x64
		{3B3F12D0-8F48-4E3E-A75A-517B219CED5B}.Debug|x64.Build.0 = Debug|x64
		{3B3F12D0-8F48-4E3E-A75A-517B219CED5B}.Debug|x86.ActiveCfg = Debug|Win32
		{3B3F12D0-8F48-4E3E-A75A-517B219CED5B}.Debug|x86.Build.0 = Debug|Win32
		{3B3F12D0-8F48-4E3E-A75A-517B219CED5B}.Release|x64.ActiveCfg = Release|x64
		{3B3F12D0-8F48-4E3E-A75A-517B219CED5B}.Release|x64.Build.0 = Release|x64
		{3B3F12D0-8F48-4E3E-A75A-517B219CED5B}.Release|x86.ActiveCfg = Release|Win32
		{3B3F12D0-8F48-4E3E-A75A-517B219CED5B}.Release|x86.Build.0 = Release|Win32
		{B69538D3-5029-4C1F-957E-9F06432BCF68}.Debug|x64.ActiveCfg = Debug|x64
		{B69538D3-5029-4C1F-957E-9F06432BCF68}.Debug|x64.Build.0 = Debug|x64
		{B69538D3-5029-4C1F-957E-9F06432BCF68}.Debug|x86.ActiveCfg = Debug|Win32
		{B69538D3-5029-4C1F-957E-9F06432BCF68}.Debug|x86.Build.0 = Debug|Win32
		{B69538D3-5029-4C1F-957E-9F06432BCF68}.Release|x64.ActiveCfg = Release|x64
		{B69538D3-5029-4C1F-957E-9F06432BCF68}.Release|x64.Build.0 = Release|x64
		{B69538D3-5029-4C1F-957E-9F06432BCF68}.Release|x86.ActiveCfg = Release|Win32
		{B69538D3-5029-4C1F-957E-9F06432BCF68}.Release|x86.Build.0 = Release|Win32
		{63A9FDB0-21A4-4340-AA06-1869AEA3B394}.Debug|x64.ActiveCfg = Debug|x64
		{63A9FDB0-21A4-4340-AA06-1869AEA3B394}.Debug|x64.Build.0 = Debug|x64
		{63A9FDB0-21A4-4340-AA06-1869AEA3B394}.Debug|x86.ActiveCfg = Debug|Win32
		{63A9FDB0-21A4-4340-AA06-1869AEA3B394}.Debug|x86.Build.0 = Debug|Win32
		{63A9FDB0-21A4-4340-AA06-1869AEA3B394}.Release|x64.ActiveCfg = Release|x64
		{63A9FDB0-21A4-4340-AA06-1869AEA3B394}.Release|x64.Build.0 = Release|x64
		{63A9FDB0-21A4-4340-AA06-1869AEA3B394}.Release|x86.ActiveCfg = Release|Win32
		{63A9FDB0-21A4-4340-AA06-1869AEA3B394}.Release|x86.Build.0 = Release|Win32
	EndGlobalSection
	GlobalSection(SolutionProperties) = preSolution
		HideSolutionNode = FALSE
	EndGlobalSection
	GlobalSection(ExtensibilityGlobals) = postSolution
		SolutionGuid = {B99D3FDC-7F05-4912-9993-B50D5E30C02C}
	EndGlobalSection
EndGlobal
